// !$*UTF8*$!
{
	archiveVersion = 1;
	classes = {
	};
	objectVersion = 56;
	objects = {

/* Begin PBXBuildFile section */
		C43CE6C02D089785001F5C21 /* Constantes.swift in Sources */ = {isa = PBXBuildFile; fileRef = C43CE6BF2D089785001F5C21 /* Constantes.swift */; };
		C451CF172D145BBE00DAD073 /* CartRowView.swift in Sources */ = {isa = PBXBuildFile; fileRef = C451CF162D145BBE00DAD073 /* CartRowView.swift */; };
		C4B67BAE2D008BFF00567529 /* User.swift in Sources */ = {isa = PBXBuildFile; fileRef = C4B67BAD2D008BFF00567529 /* User.swift */; };
		C4B67BB02D008C1000567529 /* Hold.swift in Sources */ = {isa = PBXBuildFile; fileRef = C4B67BAF2D008C1000567529 /* Hold.swift */; };
		C4B67BB22D008C2300567529 /* OrderItem.swift in Sources */ = {isa = PBXBuildFile; fileRef = C4B67BB12D008C2300567529 /* OrderItem.swift */; };
		C4B67BB42D008C4D00567529 /* HomeViewModel.swift in Sources */ = {isa = PBXBuildFile; fileRef = C4B67BB32D008C4D00567529 /* HomeViewModel.swift */; };
		C4B67BB62D008C6C00567529 /* CartViewModel.swift in Sources */ = {isa = PBXBuildFile; fileRef = C4B67BB52D008C6C00567529 /* CartViewModel.swift */; };
		C4B67BB82D008C8400567529 /* HomeView.swift in Sources */ = {isa = PBXBuildFile; fileRef = C4B67BB72D008C8400567529 /* HomeView.swift */; };
		C4B67BBA2D008C9B00567529 /* HoldDetailView.swift in Sources */ = {isa = PBXBuildFile; fileRef = C4B67BB92D008C9B00567529 /* HoldDetailView.swift */; };
		C4B67BBE2D008D0200567529 /* CartView.swift in Sources */ = {isa = PBXBuildFile; fileRef = C4B67BBD2D008D0200567529 /* CartView.swift */; };
		C4B67BC02D008D1700567529 /* AccountView.swift in Sources */ = {isa = PBXBuildFile; fileRef = C4B67BBF2D008D1700567529 /* AccountView.swift */; };
		FF0C180D2D12F93A0084CF7F /* OrderService.swift in Sources */ = {isa = PBXBuildFile; fileRef = FF0C180C2D12F93A0084CF7F /* OrderService.swift */; };
		FF267EBF2D11A910003F764F /* UserViewModel.swift in Sources */ = {isa = PBXBuildFile; fileRef = FF267EBE2D11A910003F764F /* UserViewModel.swift */; };
		FF267EC12D11B076003F764F /* OrderViewModel.swift in Sources */ = {isa = PBXBuildFile; fileRef = FF267EC02D11B076003F764F /* OrderViewModel.swift */; };
		FF267EC32D11B128003F764F /* Order.swift in Sources */ = {isa = PBXBuildFile; fileRef = FF267EC22D11B128003F764F /* Order.swift */; };
		FF267EC52D11B6B7003F764F /* OrderView.swift in Sources */ = {isa = PBXBuildFile; fileRef = FF267EC42D11B6B7003F764F /* OrderView.swift */; };
		FF58A5982CFF590C00B36DDE /* HoldManiaApp.swift in Sources */ = {isa = PBXBuildFile; fileRef = FF58A5972CFF590C00B36DDE /* HoldManiaApp.swift */; };
		FF58A59A2CFF590C00B36DDE /* ContentView.swift in Sources */ = {isa = PBXBuildFile; fileRef = FF58A5992CFF590C00B36DDE /* ContentView.swift */; };
		FF58A59C2CFF590D00B36DDE /* Assets.xcassets in Resources */ = {isa = PBXBuildFile; fileRef = FF58A59B2CFF590D00B36DDE /* Assets.xcassets */; };
		FF58A59F2CFF590D00B36DDE /* Preview Assets.xcassets in Resources */ = {isa = PBXBuildFile; fileRef = FF58A59E2CFF590D00B36DDE /* Preview Assets.xcassets */; };
		FFA905C32D146A6000E95865 /* SearchHoldViewModel.swift in Sources */ = {isa = PBXBuildFile; fileRef = FFA905C22D146A6000E95865 /* SearchHoldViewModel.swift */; };
		FFA905C52D146AF400E95865 /* HoldColor.swift in Sources */ = {isa = PBXBuildFile; fileRef = FFA905C42D146AF400E95865 /* HoldColor.swift */; };
		FFA905C72D146B4C00E95865 /* ClientLevel.swift in Sources */ = {isa = PBXBuildFile; fileRef = FFA905C62D146B4C00E95865 /* ClientLevel.swift */; };
		FFA905C92D146EBF00E95865 /* SearchHolds.swift in Sources */ = {isa = PBXBuildFile; fileRef = FFA905C82D146EBF00E95865 /* SearchHolds.swift */; };
/* End PBXBuildFile section */

/* Begin PBXFileReference section */
		C43CE6BF2D089785001F5C21 /* Constantes.swift */ = {isa = PBXFileReference; lastKnownFileType = sourcecode.swift; path = Constantes.swift; sourceTree = "<group>"; };
		C451CF162D145BBE00DAD073 /* CartRowView.swift */ = {isa = PBXFileReference; lastKnownFileType = sourcecode.swift; path = CartRowView.swift; sourceTree = "<group>"; };
		C4B67BAD2D008BFF00567529 /* User.swift */ = {isa = PBXFileReference; lastKnownFileType = sourcecode.swift; path = User.swift; sourceTree = "<group>"; };
		C4B67BAF2D008C1000567529 /* Hold.swift */ = {isa = PBXFileReference; lastKnownFileType = sourcecode.swift; path = Hold.swift; sourceTree = "<group>"; };
		C4B67BB12D008C2300567529 /* OrderItem.swift */ = {isa = PBXFileReference; lastKnownFileType = sourcecode.swift; path = OrderItem.swift; sourceTree = "<group>"; };
		C4B67BB32D008C4D00567529 /* HomeViewModel.swift */ = {isa = PBXFileReference; lastKnownFileType = sourcecode.swift; path = HomeViewModel.swift; sourceTree = "<group>"; };
		C4B67BB52D008C6C00567529 /* CartViewModel.swift */ = {isa = PBXFileReference; lastKnownFileType = sourcecode.swift; path = CartViewModel.swift; sourceTree = "<group>"; };
		C4B67BB72D008C8400567529 /* HomeView.swift */ = {isa = PBXFileReference; lastKnownFileType = sourcecode.swift; path = HomeView.swift; sourceTree = "<group>"; };
		C4B67BB92D008C9B00567529 /* HoldDetailView.swift */ = {isa = PBXFileReference; lastKnownFileType = sourcecode.swift; path = HoldDetailView.swift; sourceTree = "<group>"; };
		C4B67BBD2D008D0200567529 /* CartView.swift */ = {isa = PBXFileReference; lastKnownFileType = sourcecode.swift; path = CartView.swift; sourceTree = "<group>"; };
		C4B67BBF2D008D1700567529 /* AccountView.swift */ = {isa = PBXFileReference; lastKnownFileType = sourcecode.swift; path = AccountView.swift; sourceTree = "<group>"; };
		FF0C180C2D12F93A0084CF7F /* OrderService.swift */ = {isa = PBXFileReference; lastKnownFileType = sourcecode.swift; path = OrderService.swift; sourceTree = "<group>"; };
		FF267EBE2D11A910003F764F /* UserViewModel.swift */ = {isa = PBXFileReference; lastKnownFileType = sourcecode.swift; path = UserViewModel.swift; sourceTree = "<group>"; };
		FF267EC02D11B076003F764F /* OrderViewModel.swift */ = {isa = PBXFileReference; lastKnownFileType = sourcecode.swift; path = OrderViewModel.swift; sourceTree = "<group>"; };
		FF267EC22D11B128003F764F /* Order.swift */ = {isa = PBXFileReference; lastKnownFileType = sourcecode.swift; path = Order.swift; sourceTree = "<group>"; };
		FF267EC42D11B6B7003F764F /* OrderView.swift */ = {isa = PBXFileReference; lastKnownFileType = sourcecode.swift; path = OrderView.swift; sourceTree = "<group>"; };
		FF58A5942CFF590C00B36DDE /* HoldMania.app */ = {isa = PBXFileReference; explicitFileType = wrapper.application; includeInIndex = 0; path = HoldMania.app; sourceTree = BUILT_PRODUCTS_DIR; };
		FF58A5972CFF590C00B36DDE /* HoldManiaApp.swift */ = {isa = PBXFileReference; lastKnownFileType = sourcecode.swift; path = HoldManiaApp.swift; sourceTree = "<group>"; };
		FF58A5992CFF590C00B36DDE /* ContentView.swift */ = {isa = PBXFileReference; lastKnownFileType = sourcecode.swift; path = ContentView.swift; sourceTree = "<group>"; };
		FF58A59B2CFF590D00B36DDE /* Assets.xcassets */ = {isa = PBXFileReference; lastKnownFileType = folder.assetcatalog; path = Assets.xcassets; sourceTree = "<group>"; };
		FF58A59E2CFF590D00B36DDE /* Preview Assets.xcassets */ = {isa = PBXFileReference; lastKnownFileType = folder.assetcatalog; path = "Preview Assets.xcassets"; sourceTree = "<group>"; };
		FFA905C22D146A6000E95865 /* SearchHoldViewModel.swift */ = {isa = PBXFileReference; lastKnownFileType = sourcecode.swift; path = SearchHoldViewModel.swift; sourceTree = "<group>"; };
		FFA905C42D146AF400E95865 /* HoldColor.swift */ = {isa = PBXFileReference; lastKnownFileType = sourcecode.swift; path = HoldColor.swift; sourceTree = "<group>"; };
		FFA905C62D146B4C00E95865 /* ClientLevel.swift */ = {isa = PBXFileReference; lastKnownFileType = sourcecode.swift; path = ClientLevel.swift; sourceTree = "<group>"; };
		FFA905C82D146EBF00E95865 /* SearchHolds.swift */ = {isa = PBXFileReference; lastKnownFileType = sourcecode.swift; path = SearchHolds.swift; sourceTree = "<group>"; };
/* End PBXFileReference section */

/* Begin PBXFrameworksBuildPhase section */
		FF58A5912CFF590C00B36DDE /* Frameworks */ = {
			isa = PBXFrameworksBuildPhase;
			buildActionMask = 2147483647;
			files = (
			);
			runOnlyForDeploymentPostprocessing = 0;
		};
/* End PBXFrameworksBuildPhase section */

/* Begin PBXGroup section */
		C451CF152D145B5800DAD073 /* Cart */ = {
			isa = PBXGroup;
			children = (
				C4B67BBD2D008D0200567529 /* CartView.swift */,
				C451CF162D145BBE00DAD073 /* CartRowView.swift */,
			);
			path = Cart;
			sourceTree = "<group>";
		};
		C4B67BAA2D008BB600567529 /* Models */ = {
			isa = PBXGroup;
			children = (
				C4B67BAD2D008BFF00567529 /* User.swift */,
				C4B67BAF2D008C1000567529 /* Hold.swift */,
				C4B67BB12D008C2300567529 /* OrderItem.swift */,
				FF267EC22D11B128003F764F /* Order.swift */,
				FFA905C42D146AF400E95865 /* HoldColor.swift */,
				FFA905C62D146B4C00E95865 /* ClientLevel.swift */,
			);
			path = Models;
			sourceTree = "<group>";
		};
		C4B67BAB2D008BBB00567529 /* Views */ = {
			isa = PBXGroup;
			children = (
				C451CF152D145B5800DAD073 /* Cart */,
				C4B67BB72D008C8400567529 /* HomeView.swift */,
				C4B67BB92D008C9B00567529 /* HoldDetailView.swift */,
				C4B67BBF2D008D1700567529 /* AccountView.swift */,
				FF267EC42D11B6B7003F764F /* OrderView.swift */,
				FFA905C82D146EBF00E95865 /* SearchHolds.swift */,
			);
			path = Views;
			sourceTree = "<group>";
		};
		C4B67BAC2D008BCF00567529 /* ViewModels */ = {
			isa = PBXGroup;
			children = (
				C4B67BB32D008C4D00567529 /* HomeViewModel.swift */,
				C4B67BB52D008C6C00567529 /* CartViewModel.swift */,
				FF267EBE2D11A910003F764F /* UserViewModel.swift */,
				FF267EC02D11B076003F764F /* OrderViewModel.swift */,
				FFA905C22D146A6000E95865 /* SearchHoldViewModel.swift */,
			);
			path = ViewModels;
			sourceTree = "<group>";
		};
		FF0C180E2D12F9470084CF7F /* Services */ = {
			isa = PBXGroup;
			children = (
				FF0C180C2D12F93A0084CF7F /* OrderService.swift */,
			);
			path = Services;
			sourceTree = "<group>";
		};
		FF58A58B2CFF590C00B36DDE = {
			isa = PBXGroup;
			children = (
				FF58A5962CFF590C00B36DDE /* HoldMania */,
				FF58A5952CFF590C00B36DDE /* Products */,
			);
			sourceTree = "<group>";
		};
		FF58A5952CFF590C00B36DDE /* Products */ = {
			isa = PBXGroup;
			children = (
				FF58A5942CFF590C00B36DDE /* HoldMania.app */,
			);
			name = Products;
			sourceTree = "<group>";
		};
		FF58A5962CFF590C00B36DDE /* HoldMania */ = {
			isa = PBXGroup;
			children = (
				FF0C180E2D12F9470084CF7F /* Services */,
				C4B67BAC2D008BCF00567529 /* ViewModels */,
				C4B67BAB2D008BBB00567529 /* Views */,
				C4B67BAA2D008BB600567529 /* Models */,
				FF58A5972CFF590C00B36DDE /* HoldManiaApp.swift */,
				FF58A5992CFF590C00B36DDE /* ContentView.swift */,
				FF58A59B2CFF590D00B36DDE /* Assets.xcassets */,
				FF58A59D2CFF590D00B36DDE /* Preview Content */,
				C43CE6BF2D089785001F5C21 /* Constantes.swift */,
			);
			path = HoldMania;
			sourceTree = "<group>";
		};
		FF58A59D2CFF590D00B36DDE /* Preview Content */ = {
			isa = PBXGroup;
			children = (
				FF58A59E2CFF590D00B36DDE /* Preview Assets.xcassets */,
			);
			path = "Preview Content";
			sourceTree = "<group>";
		};
/* End PBXGroup section */

/* Begin PBXNativeTarget section */
		FF58A5932CFF590C00B36DDE /* HoldMania */ = {
			isa = PBXNativeTarget;
			buildConfigurationList = FF58A5A22CFF590D00B36DDE /* Build configuration list for PBXNativeTarget "HoldMania" */;
			buildPhases = (
				FF58A5902CFF590C00B36DDE /* Sources */,
				FF58A5912CFF590C00B36DDE /* Frameworks */,
				FF58A5922CFF590C00B36DDE /* Resources */,
			);
			buildRules = (
			);
			dependencies = (
			);
			name = HoldMania;
			productName = HoldMania;
			productReference = FF58A5942CFF590C00B36DDE /* HoldMania.app */;
			productType = "com.apple.product-type.application";
		};
/* End PBXNativeTarget section */

/* Begin PBXProject section */
		FF58A58C2CFF590C00B36DDE /* Project object */ = {
			isa = PBXProject;
			attributes = {
				BuildIndependentTargetsInParallel = 1;
				LastSwiftUpdateCheck = 1540;
				LastUpgradeCheck = 1540;
				TargetAttributes = {
					FF58A5932CFF590C00B36DDE = {
						CreatedOnToolsVersion = 15.4;
					};
				};
			};
			buildConfigurationList = FF58A58F2CFF590C00B36DDE /* Build configuration list for PBXProject "HoldMania" */;
			compatibilityVersion = "Xcode 14.0";
			developmentRegion = en;
			hasScannedForEncodings = 0;
			knownRegions = (
				en,
				Base,
			);
			mainGroup = FF58A58B2CFF590C00B36DDE;
			productRefGroup = FF58A5952CFF590C00B36DDE /* Products */;
			projectDirPath = "";
			projectRoot = "";
			targets = (
				FF58A5932CFF590C00B36DDE /* HoldMania */,
			);
		};
/* End PBXProject section */

/* Begin PBXResourcesBuildPhase section */
		FF58A5922CFF590C00B36DDE /* Resources */ = {
			isa = PBXResourcesBuildPhase;
			buildActionMask = 2147483647;
			files = (
				FF58A59F2CFF590D00B36DDE /* Preview Assets.xcassets in Resources */,
				FF58A59C2CFF590D00B36DDE /* Assets.xcassets in Resources */,
			);
			runOnlyForDeploymentPostprocessing = 0;
		};
/* End PBXResourcesBuildPhase section */

/* Begin PBXSourcesBuildPhase section */
		FF58A5902CFF590C00B36DDE /* Sources */ = {
			isa = PBXSourcesBuildPhase;
			buildActionMask = 2147483647;
			files = (
				C4B67BBE2D008D0200567529 /* CartView.swift in Sources */,
				FF267EC52D11B6B7003F764F /* OrderView.swift in Sources */,
				C4B67BB02D008C1000567529 /* Hold.swift in Sources */,
				FFA905C72D146B4C00E95865 /* ClientLevel.swift in Sources */,
				C4B67BB42D008C4D00567529 /* HomeViewModel.swift in Sources */,
				FF0C180D2D12F93A0084CF7F /* OrderService.swift in Sources */,
				C4B67BB62D008C6C00567529 /* CartViewModel.swift in Sources */,
				C4B67BC02D008D1700567529 /* AccountView.swift in Sources */,
				FF267EC12D11B076003F764F /* OrderViewModel.swift in Sources */,
				C43CE6C02D089785001F5C21 /* Constantes.swift in Sources */,
				C4B67BBA2D008C9B00567529 /* HoldDetailView.swift in Sources */,
				FF58A59A2CFF590C00B36DDE /* ContentView.swift in Sources */,
				FFA905C32D146A6000E95865 /* SearchHoldViewModel.swift in Sources */,
				FF58A5982CFF590C00B36DDE /* HoldManiaApp.swift in Sources */,
				FF267EBF2D11A910003F764F /* UserViewModel.swift in Sources */,
				C4B67BB82D008C8400567529 /* HomeView.swift in Sources */,
				FFA905C52D146AF400E95865 /* HoldColor.swift in Sources */,
				FF267EC32D11B128003F764F /* Order.swift in Sources */,
				FFA905C92D146EBF00E95865 /* SearchHolds.swift in Sources */,
				C4B67BB22D008C2300567529 /* OrderItem.swift in Sources */,
				C4B67BAE2D008BFF00567529 /* User.swift in Sources */,
			);
			runOnlyForDeploymentPostprocessing = 0;
		};
/* End PBXSourcesBuildPhase section */

/* Begin XCBuildConfiguration section */
		FF58A5A02CFF590D00B36DDE /* Debug */ = {
			isa = XCBuildConfiguration;
			buildSettings = {
				ALWAYS_SEARCH_USER_PATHS = NO;
				ASSETCATALOG_COMPILER_GENERATE_SWIFT_ASSET_SYMBOL_EXTENSIONS = YES;
				CLANG_ANALYZER_NONNULL = YES;
				CLANG_ANALYZER_NUMBER_OBJECT_CONVERSION = YES_AGGRESSIVE;
				CLANG_CXX_LANGUAGE_STANDARD = "gnu++20";
				CLANG_ENABLE_MODULES = YES;
				CLANG_ENABLE_OBJC_ARC = YES;
				CLANG_ENABLE_OBJC_WEAK = YES;
				CLANG_WARN_BLOCK_CAPTURE_AUTORELEASING = YES;
				CLANG_WARN_BOOL_CONVERSION = YES;
				CLANG_WARN_COMMA = YES;
				CLANG_WARN_CONSTANT_CONVERSION = YES;
				CLANG_WARN_DEPRECATED_OBJC_IMPLEMENTATIONS = YES;
				CLANG_WARN_DIRECT_OBJC_ISA_USAGE = YES_ERROR;
				CLANG_WARN_DOCUMENTATION_COMMENTS = YES;
				CLANG_WARN_EMPTY_BODY = YES;
				CLANG_WARN_ENUM_CONVERSION = YES;
				CLANG_WARN_INFINITE_RECURSION = YES;
				CLANG_WARN_INT_CONVERSION = YES;
				CLANG_WARN_NON_LITERAL_NULL_CONVERSION = YES;
				CLANG_WARN_OBJC_IMPLICIT_RETAIN_SELF = YES;
				CLANG_WARN_OBJC_LITERAL_CONVERSION = YES;
				CLANG_WARN_OBJC_ROOT_CLASS = YES_ERROR;
				CLANG_WARN_QUOTED_INCLUDE_IN_FRAMEWORK_HEADER = YES;
				CLANG_WARN_RANGE_LOOP_ANALYSIS = YES;
				CLANG_WARN_STRICT_PROTOTYPES = YES;
				CLANG_WARN_SUSPICIOUS_MOVE = YES;
				CLANG_WARN_UNGUARDED_AVAILABILITY = YES_AGGRESSIVE;
				CLANG_WARN_UNREACHABLE_CODE = YES;
				CLANG_WARN__DUPLICATE_METHOD_MATCH = YES;
				COPY_PHASE_STRIP = NO;
				DEBUG_INFORMATION_FORMAT = dwarf;
				ENABLE_STRICT_OBJC_MSGSEND = YES;
				ENABLE_TESTABILITY = YES;
				ENABLE_USER_SCRIPT_SANDBOXING = YES;
				GCC_C_LANGUAGE_STANDARD = gnu17;
				GCC_DYNAMIC_NO_PIC = NO;
				GCC_NO_COMMON_BLOCKS = YES;
				GCC_OPTIMIZATION_LEVEL = 0;
				GCC_PREPROCESSOR_DEFINITIONS = (
					"DEBUG=1",
					"$(inherited)",
				);
				GCC_WARN_64_TO_32_BIT_CONVERSION = YES;
				GCC_WARN_ABOUT_RETURN_TYPE = YES_ERROR;
				GCC_WARN_UNDECLARED_SELECTOR = YES;
				GCC_WARN_UNINITIALIZED_AUTOS = YES_AGGRESSIVE;
				GCC_WARN_UNUSED_FUNCTION = YES;
				GCC_WARN_UNUSED_VARIABLE = YES;
				IPHONEOS_DEPLOYMENT_TARGET = 17.5;
				LOCALIZATION_PREFERS_STRING_CATALOGS = YES;
				MTL_ENABLE_DEBUG_INFO = INCLUDE_SOURCE;
				MTL_FAST_MATH = YES;
				ONLY_ACTIVE_ARCH = YES;
				SDKROOT = iphoneos;
				SWIFT_ACTIVE_COMPILATION_CONDITIONS = "DEBUG $(inherited)";
				SWIFT_OPTIMIZATION_LEVEL = "-Onone";
			};
			name = Debug;
		};
		FF58A5A12CFF590D00B36DDE /* Release */ = {
			isa = XCBuildConfiguration;
			buildSettings = {
				ALWAYS_SEARCH_USER_PATHS = NO;
				ASSETCATALOG_COMPILER_GENERATE_SWIFT_ASSET_SYMBOL_EXTENSIONS = YES;
				CLANG_ANALYZER_NONNULL = YES;
				CLANG_ANALYZER_NUMBER_OBJECT_CONVERSION = YES_AGGRESSIVE;
				CLANG_CXX_LANGUAGE_STANDARD = "gnu++20";
				CLANG_ENABLE_MODULES = YES;
				CLANG_ENABLE_OBJC_ARC = YES;
				CLANG_ENABLE_OBJC_WEAK = YES;
				CLANG_WARN_BLOCK_CAPTURE_AUTORELEASING = YES;
				CLANG_WARN_BOOL_CONVERSION = YES;
				CLANG_WARN_COMMA = YES;
				CLANG_WARN_CONSTANT_CONVERSION = YES;
				CLANG_WARN_DEPRECATED_OBJC_IMPLEMENTATIONS = YES;
				CLANG_WARN_DIRECT_OBJC_ISA_USAGE = YES_ERROR;
				CLANG_WARN_DOCUMENTATION_COMMENTS = YES;
				CLANG_WARN_EMPTY_BODY = YES;
				CLANG_WARN_ENUM_CONVERSION = YES;
				CLANG_WARN_INFINITE_RECURSION = YES;
				CLANG_WARN_INT_CONVERSION = YES;
				CLANG_WARN_NON_LITERAL_NULL_CONVERSION = YES;
				CLANG_WARN_OBJC_IMPLICIT_RETAIN_SELF = YES;
				CLANG_WARN_OBJC_LITERAL_CONVERSION = YES;
				CLANG_WARN_OBJC_ROOT_CLASS = YES_ERROR;
				CLANG_WARN_QUOTED_INCLUDE_IN_FRAMEWORK_HEADER = YES;
				CLANG_WARN_RANGE_LOOP_ANALYSIS = YES;
				CLANG_WARN_STRICT_PROTOTYPES = YES;
				CLANG_WARN_SUSPICIOUS_MOVE = YES;
				CLANG_WARN_UNGUARDED_AVAILABILITY = YES_AGGRESSIVE;
				CLANG_WARN_UNREACHABLE_CODE = YES;
				CLANG_WARN__DUPLICATE_METHOD_MATCH = YES;
				COPY_PHASE_STRIP = NO;
				DEBUG_INFORMATION_FORMAT = "dwarf-with-dsym";
				ENABLE_NS_ASSERTIONS = NO;
				ENABLE_STRICT_OBJC_MSGSEND = YES;
				ENABLE_USER_SCRIPT_SANDBOXING = YES;
				GCC_C_LANGUAGE_STANDARD = gnu17;
				GCC_NO_COMMON_BLOCKS = YES;
				GCC_WARN_64_TO_32_BIT_CONVERSION = YES;
				GCC_WARN_ABOUT_RETURN_TYPE = YES_ERROR;
				GCC_WARN_UNDECLARED_SELECTOR = YES;
				GCC_WARN_UNINITIALIZED_AUTOS = YES_AGGRESSIVE;
				GCC_WARN_UNUSED_FUNCTION = YES;
				GCC_WARN_UNUSED_VARIABLE = YES;
				IPHONEOS_DEPLOYMENT_TARGET = 17.5;
				LOCALIZATION_PREFERS_STRING_CATALOGS = YES;
				MTL_ENABLE_DEBUG_INFO = NO;
				MTL_FAST_MATH = YES;
				SDKROOT = iphoneos;
				SWIFT_COMPILATION_MODE = wholemodule;
				VALIDATE_PRODUCT = YES;
			};
			name = Release;
		};
		FF58A5A32CFF590D00B36DDE /* Debug */ = {
			isa = XCBuildConfiguration;
			buildSettings = {
				ASSETCATALOG_COMPILER_APPICON_NAME = AppIcon;
				ASSETCATALOG_COMPILER_GLOBAL_ACCENT_COLOR_NAME = AccentColor;
				CODE_SIGN_STYLE = Automatic;
				CURRENT_PROJECT_VERSION = 1;
				DEVELOPMENT_ASSET_PATHS = "\"HoldMania/Preview Content\"";
				ENABLE_PREVIEWS = YES;
				GENERATE_INFOPLIST_FILE = YES;
				INFOPLIST_KEY_UIApplicationSceneManifest_Generation = YES;
				INFOPLIST_KEY_UIApplicationSupportsIndirectInputEvents = YES;
				INFOPLIST_KEY_UILaunchScreen_Generation = YES;
				INFOPLIST_KEY_UISupportedInterfaceOrientations_iPad = "UIInterfaceOrientationPortrait UIInterfaceOrientationPortraitUpsideDown UIInterfaceOrientationLandscapeLeft UIInterfaceOrientationLandscapeRight";
				INFOPLIST_KEY_UISupportedInterfaceOrientations_iPhone = "UIInterfaceOrientationPortrait UIInterfaceOrientationLandscapeLeft UIInterfaceOrientationLandscapeRight";
				LD_RUNPATH_SEARCH_PATHS = (
					"$(inherited)",
					"@executable_path/Frameworks",
				);
				MARKETING_VERSION = 1.0;
				PRODUCT_BUNDLE_IDENTIFIER = fr.timon.HoldMania;
				PRODUCT_NAME = "$(TARGET_NAME)";
				SWIFT_EMIT_LOC_STRINGS = YES;
				SWIFT_VERSION = 5.0;
				TARGETED_DEVICE_FAMILY = "1,2";
			};
			name = Debug;
		};
		FF58A5A42CFF590D00B36DDE /* Release */ = {
			isa = XCBuildConfiguration;
			buildSettings = {
				ASSETCATALOG_COMPILER_APPICON_NAME = AppIcon;
				ASSETCATALOG_COMPILER_GLOBAL_ACCENT_COLOR_NAME = AccentColor;
				CODE_SIGN_STYLE = Automatic;
				CURRENT_PROJECT_VERSION = 1;
				DEVELOPMENT_ASSET_PATHS = "\"HoldMania/Preview Content\"";
				ENABLE_PREVIEWS = YES;
				GENERATE_INFOPLIST_FILE = YES;
				INFOPLIST_KEY_UIApplicationSceneManifest_Generation = YES;
				INFOPLIST_KEY_UIApplicationSupportsIndirectInputEvents = YES;
				INFOPLIST_KEY_UILaunchScreen_Generation = YES;
				INFOPLIST_KEY_UISupportedInterfaceOrientations_iPad = "UIInterfaceOrientationPortrait UIInterfaceOrientationPortraitUpsideDown UIInterfaceOrientationLandscapeLeft UIInterfaceOrientationLandscapeRight";
				INFOPLIST_KEY_UISupportedInterfaceOrientations_iPhone = "UIInterfaceOrientationPortrait UIInterfaceOrientationLandscapeLeft UIInterfaceOrientationLandscapeRight";
				LD_RUNPATH_SEARCH_PATHS = (
					"$(inherited)",
					"@executable_path/Frameworks",
				);
				MARKETING_VERSION = 1.0;
				PRODUCT_BUNDLE_IDENTIFIER = fr.timon.HoldMania;
				PRODUCT_NAME = "$(TARGET_NAME)";
				SWIFT_EMIT_LOC_STRINGS = YES;
				SWIFT_VERSION = 5.0;
				TARGETED_DEVICE_FAMILY = "1,2";
			};
			name = Release;
		};
/* End XCBuildConfiguration section */

/* Begin XCConfigurationList section */
		FF58A58F2CFF590C00B36DDE /* Build configuration list for PBXProject "HoldMania" */ = {
			isa = XCConfigurationList;
			buildConfigurations = (
				FF58A5A02CFF590D00B36DDE /* Debug */,
				FF58A5A12CFF590D00B36DDE /* Release */,
			);
			defaultConfigurationIsVisible = 0;
			defaultConfigurationName = Release;
		};
		FF58A5A22CFF590D00B36DDE /* Build configuration list for PBXNativeTarget "HoldMania" */ = {
			isa = XCConfigurationList;
			buildConfigurations = (
				FF58A5A32CFF590D00B36DDE /* Debug */,
				FF58A5A42CFF590D00B36DDE /* Release */,
			);
			defaultConfigurationIsVisible = 0;
			defaultConfigurationName = Release;
		};
/* End XCConfigurationList section */
	};
	rootObject = FF58A58C2CFF590C00B36DDE /* Project object */;
}
